
Microsoft Visual Studio Solution File, Format Version 12.00
# Visual Studio 14
VisualStudioVersion = 14.0.25420.1
MinimumVisualStudioVersion = 10.0.40219.1
Project("{8BC9CEB8-8B4A-11D0-8D11-00A0C91BC942}") = "MRICrack-dll", "GeekSquadMRI Crack\GeekSquadMRI Crack.vcxproj", "{504C659D-92C3-486C-9C5B-223B291D4A71}"
EndProject
Project("{8BC9CEB8-8B4A-11D0-8D11-00A0C91BC942}") = "MRI-Loader", "MRI-Loader\MRI-Loader.vcxproj", "{B0E41E6F-4879-40BB-9EA3-1DB04B9D8F45}"
EndProject
Global
	GlobalSection(SolutionConfigurationPlatforms) = preSolution
		Debug|x64 = Debug|x64
		Debug|x86 = Debug|x86
		Release|x64 = Release|x64
		Release|x86 = Release|x86
	EndGlobalSection
	GlobalSection(ProjectConfigurationPlatforms) = postSolution
		{504C659D-92C3-486C-9C5B-223B291D4A71}.Debug|x64.ActiveCfg = Debug|x64
		{504C659D-92C3-486C-9C5B-223B291D4A71}.Debug|x64.Build.0 = Debug|x64
		{504C659D-92C3-486C-9C5B-223B291D4A71}.Debug|x86.ActiveCfg = Debug|Win32
		{504C659D-92C3-486C-9C5B-223B291D4A71}.Debug|x86.Build.0 = Debug|Win32
		{504C659D-92C3-486C-9C5B-223B291D4A71}.Release|x64.ActiveCfg = Release|x64
		{504C659D-92C3-486C-9C5B-223B291D4A71}.Release|x64.Build.0 = Release|x64
		{504C659D-92C3-486C-9C5B-223B291D4A71}.Release|x86.ActiveCfg = Release|Win32
		{504C659D-92C3-486C-9C5B-223B291D4A71}.Release|x86.Build.0 = Release|Win32
		{B0E41E6F-4879-40BB-9EA3-1DB04B9D8F45}.Debug|x64.ActiveCfg = Debug|x64
		{B0E41E6F-4879-40BB-9EA3-1DB04B9D8F45}.Debug|x64.Build.0 = Debug|x64
		{B0E41E6F-4879-40BB-9EA3-1DB04B9D8F45}.Debug|x86.ActiveCfg = Debug|Win32
		{B0E41E6F-4879-40BB-9EA3-1DB04B9D8F45}.Debug|x86.Build.0 = Debug|Win32
		{B0E41E6F-4879-40BB-9EA3-1DB04B9D8F45}.Release|x64.ActiveCfg = Release|x64
		{B0E41E6F-4879-40BB-9EA3-1DB04B9D8F45}.Release|x64.Build.0 = Release|x64
		{B0E41E6F-4879-40BB-9EA3-1DB04B9D8F45}.Release|x86.ActiveCfg = Release|Win32
		{B0E41E6F-4879-40BB-9EA3-1DB04B9D8F45}.Release|x86.Build.0 = Release|Win32
	EndGlobalSection
	GlobalSection(SolutionProperties) = preSolution
		HideSolutionNode = FALSE
	EndGlobalSection
EndGlobal
